
Microsoft Visual Studio Solution File, Format Version 12.00
# Visual Studio Version 17
VisualStudioVersion = 17.7.34031.279
MinimumVisualStudioVersion = 10.0.40219.1
Project("{FAE04EC0-301F-11D3-BF4B-00C04F79EFBC}") = "HomeWork8(1)", "HomeWork8(1)\HomeWork8(1).csproj", "{B523667B-2E9D-44A0-ACD5-6F5FF897E97D}"
EndProject
Project("{FAE04EC0-301F-11D3-BF4B-00C04F79EFBC}") = "HomeWork9(2)", "HomeWork9(2)\HomeWork9(2).csproj", "{FD7553BB-1155-4994-A203-DC1044A47C8A}"
EndProject
Global
	GlobalSection(SolutionConfigurationPlatforms) = preSolution
		Debug|Any CPU = Debug|Any CPU
		Release|Any CPU = Release|Any CPU
	EndGlobalSection
	GlobalSection(ProjectConfigurationPlatforms) = postSolution
		{B523667B-2E9D-44A0-ACD5-6F5FF897E97D}.Debug|Any CPU.ActiveCfg = Debug|Any CPU
		{B523667B-2E9D-44A0-ACD5-6F5FF897E97D}.Debug|Any CPU.Build.0 = Debug|Any CPU
		{B523667B-2E9D-44A0-ACD5-6F5FF897E97D}.Release|Any CPU.ActiveCfg = Release|Any CPU
		{B523667B-2E9D-44A0-ACD5-6F5FF897E97D}.Release|Any CPU.Build.0 = Release|Any CPU
		{FD7553BB-1155-4994-A203-DC1044A47C8A}.Debug|Any CPU.ActiveCfg = Debug|Any CPU
		{FD7553BB-1155-4994-A203-DC1044A47C8A}.Debug|Any CPU.Build.0 = Debug|Any CPU
		{FD7553BB-1155-4994-A203-DC1044A47C8A}.Release|Any CPU.ActiveCfg = Release|Any CPU
		{FD7553BB-1155-4994-A203-DC1044A47C8A}.Release|Any CPU.Build.0 = Release|Any CPU
	EndGlobalSection
	GlobalSection(SolutionProperties) = preSolution
		HideSolutionNode = FALSE
	EndGlobalSection
	GlobalSection(ExtensibilityGlobals) = postSolution
		SolutionGuid = {47281A97-C561-4A72-90E9-24377D4C9D93}
	EndGlobalSection
EndGlobal
